PODS:
  - Alamofire (3.5.0)
  - PGoApi (0.1.0):
    - Alamofire (~> 3.5)
    - ProtocolBuffers-Swift (~> 3.0)
  - ProtocolBuffers-Swift (3.0.0)

DEPENDENCIES:
  - PGoApi (from `../`)
  - ProtocolBuffers-Swift (from `https://github.com/alexeyxo/protobuf-swift`, branch `ProtoBuf3.0-Swift2.0`)

EXTERNAL SOURCES:
  PGoApi:
    :path: ../
  ProtocolBuffers-Swift:
    :branch: ProtoBuf3.0-Swift2.0
    :git: https://github.com/alexeyxo/protobuf-swift

CHECKOUT OPTIONS:
  ProtocolBuffers-Swift:
    :commit: f43bcfe55f7c2b19f19363c12d9499dac232f3ae
    :git: https://github.com/alexeyxo/protobuf-swift

SPEC CHECKSUMS:
  Alamofire: b70a7352335f8ea5babd0a923eb7e8eacc67b877
  PGoApi: dee73a88d5fb52d39d6ceb35524fd09400295b6a
  ProtocolBuffers-Swift: 948824656ef9f507348481655d409628b0219be0

PODFILE CHECKSUM: 94d17cfbf8bf6c78624d1cecb8293d4c711b7d7c

COCOAPODS: 1.1.0.rc.2
