PODS:
  - Alamofire (4.0.1)
  - PGoApi (0.1.0):
    - Alamofire (~> 4.0)
    - ProtocolBuffers-Swift (~> 3.0)
  - ProtocolBuffers-Swift (3.0.0)

DEPENDENCIES:
  - PGoApi (from `../`)
  - ProtocolBuffers-Swift (from `https://github.com/alexeyxo/protobuf-swift`, branch `ProtoBuf3.0-Swift3.0`)

EXTERNAL SOURCES:
  PGoApi:
    :path: "../"
  ProtocolBuffers-Swift:
    :branch: ProtoBuf3.0-Swift3.0
    :git: https://github.com/alexeyxo/protobuf-swift

CHECKOUT OPTIONS:
  ProtocolBuffers-Swift:
    :commit: fc0f69e2f3b5bed2a444709d35288d33fe7d3532
    :git: https://github.com/alexeyxo/protobuf-swift

SPEC CHECKSUMS:
  Alamofire: 7682d43245de14874acd142ec137b144aa1dd335
  PGoApi: 0c99fd6070c78a5151d050edd77ab5486a2ab57a
  ProtocolBuffers-Swift: 948824656ef9f507348481655d409628b0219be0

PODFILE CHECKSUM: d631158f4b6ab197af0ce583e2a07fd9c6121606

COCOAPODS: 1.1.0.rc.2
