PODS:
  - Alamofire (3.4.1)
  - ProtocolBuffers-Swift (3.0.0)

DEPENDENCIES:
  - Alamofire (~> 3.4)
  - ProtocolBuffers-Swift (from `https://github.com/alexeyxo/protobuf-swift`, branch `ProtoBuf3.0-Swift2.0`)

EXTERNAL SOURCES:
  ProtocolBuffers-Swift:
    :branch: ProtoBuf3.0-Swift2.0
    :git: https://github.com/alexeyxo/protobuf-swift

CHECKOUT OPTIONS:
  ProtocolBuffers-Swift:
    :commit: c7f577b5f4921abd1fca2740e89f7f85725f62a4
    :git: https://github.com/alexeyxo/protobuf-swift

SPEC CHECKSUMS:
  Alamofire: 01a82e2f6c0f860ade35534c8dd88be61bdef40c
  ProtocolBuffers-Swift: 948824656ef9f507348481655d409628b0219be0

PODFILE CHECKSUM: d2d9e7f0cbc430d2ffb2bda25bdc27bbaf23cef9

COCOAPODS: 1.0.1
